
Microsoft Visual Studio Solution File, Format Version 12.00
# Visual Studio Version 17
VisualStudioVersion = 17.0.31903.59
MinimumVisualStudioVersion = 10.0.40219.1
Project("{2150E333-8FDC-42A3-9474-1A3956D46DE8}") = "3. Domain", "3. Domain", "{8B290487-4C16-E85E-E807-F579CBE9FC4D}"
EndProject
Project("{FAE04EC0-301F-11D3-BF4B-00C04F79EFBC}") = "Sharpscope.Domain", "Domain\Sharpscope.Domain\Sharpscope.Domain.csproj", "{AFFA2885-A50E-42FE-9425-2AAC6FA68D1C}"
EndProject
Project("{FAE04EC0-301F-11D3-BF4B-00C04F79EFBC}") = "Sharpscope.Application", "Application\Sharpscope.Application\Sharpscope.Application.csproj", "{D2251DA7-16A1-4FD6-AADA-E8FABE18F584}"
EndProject
Project("{FAE04EC0-301F-11D3-BF4B-00C04F79EFBC}") = "Sharpscope.Adapters.Csharp", "Infrastructure\Sharpscope.Adapters.csharp\Sharpscope.Adapters.Csharp.csproj", "{381D9F7C-01FC-43B7-9A35-FA98A485C93A}"
EndProject
Project("{FAE04EC0-301F-11D3-BF4B-00C04F79EFBC}") = "Sharpscope.Infrastructure", "Infrastructure\Sharpscope.Infrastructure\Sharpscope.Infrastructure.csproj", "{7E25C65E-C219-416F-838A-68000F081B72}"
EndProject
Project("{FAE04EC0-301F-11D3-BF4B-00C04F79EFBC}") = "Sharpscope.Terminal", "Presentation\Sharpscope.Terminal\Sharpscope.Terminal.csproj", "{60575191-B506-4B0B-8BFD-ADE4925D458B}"
EndProject
Project("{FAE04EC0-301F-11D3-BF4B-00C04F79EFBC}") = "Sharpscope.Api", "Presentation\Sharpscope.Api\Sharpscope.Api.csproj", "{A427F6A1-0713-4802-B0AC-CBD07C4B6423}"
EndProject
Project("{2150E333-8FDC-42A3-9474-1A3956D46DE8}") = "1. Presentation", "1. Presentation", "{02EA681E-C7D8-13C7-8484-4AC65E1B71E8}"
EndProject
Project("{2150E333-8FDC-42A3-9474-1A3956D46DE8}") = "2. Application", "2. Application", "{FD4FE515-70A7-4493-8CA4-E91E5A142899}"
EndProject
Project("{2150E333-8FDC-42A3-9474-1A3956D46DE8}") = "4. Intrastructure", "4. Intrastructure", "{D4A6CCD7-26BA-4232-8A11-DBD2136E861B}"
EndProject
Project("{2150E333-8FDC-42A3-9474-1A3956D46DE8}") = "Tests", "Tests", "{0AB3BF05-4346-4AA6-1389-037BE0695223}"
EndProject
Project("{FAE04EC0-301F-11D3-BF4B-00C04F79EFBC}") = "sharpscope.test", "Tests\Sharpscope.Test\sharpscope.test.csproj", "{7D15CDE7-5E40-469B-AB44-31012E07C914}"
EndProject
Project("{2150E333-8FDC-42A3-9474-1A3956D46DE8}") = "0. Project Files", "0. Project Files", "{009983CE-BBF9-4DA2-8286-531125076DA3}"
	ProjectSection(SolutionItems) = preProject
		.editorconfig = .editorconfig
		.gitignore = .gitignore
		docs\metrics.md = docs\metrics.md
		README.md = README.md
	EndProjectSection
EndProject
Global
	GlobalSection(SolutionConfigurationPlatforms) = preSolution
		Debug|Any CPU = Debug|Any CPU
		Debug|x64 = Debug|x64
		Debug|x86 = Debug|x86
		Release|Any CPU = Release|Any CPU
		Release|x64 = Release|x64
		Release|x86 = Release|x86
	EndGlobalSection
	GlobalSection(ProjectConfigurationPlatforms) = postSolution
		{AFFA2885-A50E-42FE-9425-2AAC6FA68D1C}.Debug|Any CPU.ActiveCfg = Debug|Any CPU
		{AFFA2885-A50E-42FE-9425-2AAC6FA68D1C}.Debug|Any CPU.Build.0 = Debug|Any CPU
		{AFFA2885-A50E-42FE-9425-2AAC6FA68D1C}.Debug|x64.ActiveCfg = Debug|Any CPU
		{AFFA2885-A50E-42FE-9425-2AAC6FA68D1C}.Debug|x64.Build.0 = Debug|Any CPU
		{AFFA2885-A50E-42FE-9425-2AAC6FA68D1C}.Debug|x86.ActiveCfg = Debug|Any CPU
		{AFFA2885-A50E-42FE-9425-2AAC6FA68D1C}.Debug|x86.Build.0 = Debug|Any CPU
		{AFFA2885-A50E-42FE-9425-2AAC6FA68D1C}.Release|Any CPU.ActiveCfg = Release|Any CPU
		{AFFA2885-A50E-42FE-9425-2AAC6FA68D1C}.Release|Any CPU.Build.0 = Release|Any CPU
		{AFFA2885-A50E-42FE-9425-2AAC6FA68D1C}.Release|x64.ActiveCfg = Release|Any CPU
		{AFFA2885-A50E-42FE-9425-2AAC6FA68D1C}.Release|x64.Build.0 = Release|Any CPU
		{AFFA2885-A50E-42FE-9425-2AAC6FA68D1C}.Release|x86.ActiveCfg = Release|Any CPU
		{AFFA2885-A50E-42FE-9425-2AAC6FA68D1C}.Release|x86.Build.0 = Release|Any CPU
		{D2251DA7-16A1-4FD6-AADA-E8FABE18F584}.Debug|Any CPU.ActiveCfg = Debug|Any CPU
		{D2251DA7-16A1-4FD6-AADA-E8FABE18F584}.Debug|Any CPU.Build.0 = Debug|Any CPU
		{D2251DA7-16A1-4FD6-AADA-E8FABE18F584}.Debug|x64.ActiveCfg = Debug|Any CPU
		{D2251DA7-16A1-4FD6-AADA-E8FABE18F584}.Debug|x64.Build.0 = Debug|Any CPU
		{D2251DA7-16A1-4FD6-AADA-E8FABE18F584}.Debug|x86.ActiveCfg = Debug|Any CPU
		{D2251DA7-16A1-4FD6-AADA-E8FABE18F584}.Debug|x86.Build.0 = Debug|Any CPU
		{D2251DA7-16A1-4FD6-AADA-E8FABE18F584}.Release|Any CPU.ActiveCfg = Release|Any CPU
		{D2251DA7-16A1-4FD6-AADA-E8FABE18F584}.Release|Any CPU.Build.0 = Release|Any CPU
		{D2251DA7-16A1-4FD6-AADA-E8FABE18F584}.Release|x64.ActiveCfg = Release|Any CPU
		{D2251DA7-16A1-4FD6-AADA-E8FABE18F584}.Release|x64.Build.0 = Release|Any CPU
		{D2251DA7-16A1-4FD6-AADA-E8FABE18F584}.Release|x86.ActiveCfg = Release|Any CPU
		{D2251DA7-16A1-4FD6-AADA-E8FABE18F584}.Release|x86.Build.0 = Release|Any CPU
		{381D9F7C-01FC-43B7-9A35-FA98A485C93A}.Debug|Any CPU.ActiveCfg = Debug|Any CPU
		{381D9F7C-01FC-43B7-9A35-FA98A485C93A}.Debug|Any CPU.Build.0 = Debug|Any CPU
		{381D9F7C-01FC-43B7-9A35-FA98A485C93A}.Debug|x64.ActiveCfg = Debug|Any CPU
		{381D9F7C-01FC-43B7-9A35-FA98A485C93A}.Debug|x64.Build.0 = Debug|Any CPU
		{381D9F7C-01FC-43B7-9A35-FA98A485C93A}.Debug|x86.ActiveCfg = Debug|Any CPU
		{381D9F7C-01FC-43B7-9A35-FA98A485C93A}.Debug|x86.Build.0 = Debug|Any CPU
		{381D9F7C-01FC-43B7-9A35-FA98A485C93A}.Release|Any CPU.ActiveCfg = Release|Any CPU
		{381D9F7C-01FC-43B7-9A35-FA98A485C93A}.Release|Any CPU.Build.0 = Release|Any CPU
		{381D9F7C-01FC-43B7-9A35-FA98A485C93A}.Release|x64.ActiveCfg = Release|Any CPU
		{381D9F7C-01FC-43B7-9A35-FA98A485C93A}.Release|x64.Build.0 = Release|Any CPU
		{381D9F7C-01FC-43B7-9A35-FA98A485C93A}.Release|x86.ActiveCfg = Release|Any CPU
		{381D9F7C-01FC-43B7-9A35-FA98A485C93A}.Release|x86.Build.0 = Release|Any CPU
		{7E25C65E-C219-416F-838A-68000F081B72}.Debug|Any CPU.ActiveCfg = Debug|Any CPU
		{7E25C65E-C219-416F-838A-68000F081B72}.Debug|Any CPU.Build.0 = Debug|Any CPU
		{7E25C65E-C219-416F-838A-68000F081B72}.Debug|x64.ActiveCfg = Debug|Any CPU
		{7E25C65E-C219-416F-838A-68000F081B72}.Debug|x64.Build.0 = Debug|Any CPU
		{7E25C65E-C219-416F-838A-68000F081B72}.Debug|x86.ActiveCfg = Debug|Any CPU
		{7E25C65E-C219-416F-838A-68000F081B72}.Debug|x86.Build.0 = Debug|Any CPU
		{7E25C65E-C219-416F-838A-68000F081B72}.Release|Any CPU.ActiveCfg = Release|Any CPU
		{7E25C65E-C219-416F-838A-68000F081B72}.Release|Any CPU.Build.0 = Release|Any CPU
		{7E25C65E-C219-416F-838A-68000F081B72}.Release|x64.ActiveCfg = Release|Any CPU
		{7E25C65E-C219-416F-838A-68000F081B72}.Release|x64.Build.0 = Release|Any CPU
		{7E25C65E-C219-416F-838A-68000F081B72}.Release|x86.ActiveCfg = Release|Any CPU
		{7E25C65E-C219-416F-838A-68000F081B72}.Release|x86.Build.0 = Release|Any CPU
		{60575191-B506-4B0B-8BFD-ADE4925D458B}.Debug|Any CPU.ActiveCfg = Debug|Any CPU
		{60575191-B506-4B0B-8BFD-ADE4925D458B}.Debug|Any CPU.Build.0 = Debug|Any CPU
		{60575191-B506-4B0B-8BFD-ADE4925D458B}.Debug|x64.ActiveCfg = Debug|Any CPU
		{60575191-B506-4B0B-8BFD-ADE4925D458B}.Debug|x64.Build.0 = Debug|Any CPU
		{60575191-B506-4B0B-8BFD-ADE4925D458B}.Debug|x86.ActiveCfg = Debug|Any CPU
		{60575191-B506-4B0B-8BFD-ADE4925D458B}.Debug|x86.Build.0 = Debug|Any CPU
		{60575191-B506-4B0B-8BFD-ADE4925D458B}.Release|Any CPU.ActiveCfg = Release|Any CPU
		{60575191-B506-4B0B-8BFD-ADE4925D458B}.Release|Any CPU.Build.0 = Release|Any CPU
		{60575191-B506-4B0B-8BFD-ADE4925D458B}.Release|x64.ActiveCfg = Release|Any CPU
		{60575191-B506-4B0B-8BFD-ADE4925D458B}.Release|x64.Build.0 = Release|Any CPU
		{60575191-B506-4B0B-8BFD-ADE4925D458B}.Release|x86.ActiveCfg = Release|Any CPU
		{60575191-B506-4B0B-8BFD-ADE4925D458B}.Release|x86.Build.0 = Release|Any CPU
		{A427F6A1-0713-4802-B0AC-CBD07C4B6423}.Debug|Any CPU.ActiveCfg = Debug|Any CPU
		{A427F6A1-0713-4802-B0AC-CBD07C4B6423}.Debug|Any CPU.Build.0 = Debug|Any CPU
		{A427F6A1-0713-4802-B0AC-CBD07C4B6423}.Debug|x64.ActiveCfg = Debug|Any CPU
		{A427F6A1-0713-4802-B0AC-CBD07C4B6423}.Debug|x64.Build.0 = Debug|Any CPU
		{A427F6A1-0713-4802-B0AC-CBD07C4B6423}.Debug|x86.ActiveCfg = Debug|Any CPU
		{A427F6A1-0713-4802-B0AC-CBD07C4B6423}.Debug|x86.Build.0 = Debug|Any CPU
		{A427F6A1-0713-4802-B0AC-CBD07C4B6423}.Release|Any CPU.ActiveCfg = Release|Any CPU
		{A427F6A1-0713-4802-B0AC-CBD07C4B6423}.Release|Any CPU.Build.0 = Release|Any CPU
		{A427F6A1-0713-4802-B0AC-CBD07C4B6423}.Release|x64.ActiveCfg = Release|Any CPU
		{A427F6A1-0713-4802-B0AC-CBD07C4B6423}.Release|x64.Build.0 = Release|Any CPU
		{A427F6A1-0713-4802-B0AC-CBD07C4B6423}.Release|x86.ActiveCfg = Release|Any CPU
		{A427F6A1-0713-4802-B0AC-CBD07C4B6423}.Release|x86.Build.0 = Release|Any CPU
		{7D15CDE7-5E40-469B-AB44-31012E07C914}.Debug|Any CPU.ActiveCfg = Debug|Any CPU
		{7D15CDE7-5E40-469B-AB44-31012E07C914}.Debug|Any CPU.Build.0 = Debug|Any CPU
		{7D15CDE7-5E40-469B-AB44-31012E07C914}.Debug|x64.ActiveCfg = Debug|Any CPU
		{7D15CDE7-5E40-469B-AB44-31012E07C914}.Debug|x64.Build.0 = Debug|Any CPU
		{7D15CDE7-5E40-469B-AB44-31012E07C914}.Debug|x86.ActiveCfg = Debug|Any CPU
		{7D15CDE7-5E40-469B-AB44-31012E07C914}.Debug|x86.Build.0 = Debug|Any CPU
		{7D15CDE7-5E40-469B-AB44-31012E07C914}.Release|Any CPU.ActiveCfg = Release|Any CPU
		{7D15CDE7-5E40-469B-AB44-31012E07C914}.Release|Any CPU.Build.0 = Release|Any CPU
		{7D15CDE7-5E40-469B-AB44-31012E07C914}.Release|x64.ActiveCfg = Release|Any CPU
		{7D15CDE7-5E40-469B-AB44-31012E07C914}.Release|x64.Build.0 = Release|Any CPU
		{7D15CDE7-5E40-469B-AB44-31012E07C914}.Release|x86.ActiveCfg = Release|Any CPU
		{7D15CDE7-5E40-469B-AB44-31012E07C914}.Release|x86.Build.0 = Release|Any CPU
	EndGlobalSection
	GlobalSection(SolutionProperties) = preSolution
		HideSolutionNode = FALSE
	EndGlobalSection
	GlobalSection(NestedProjects) = preSolution
		{AFFA2885-A50E-42FE-9425-2AAC6FA68D1C} = {8B290487-4C16-E85E-E807-F579CBE9FC4D}
		{D2251DA7-16A1-4FD6-AADA-E8FABE18F584} = {FD4FE515-70A7-4493-8CA4-E91E5A142899}
		{381D9F7C-01FC-43B7-9A35-FA98A485C93A} = {D4A6CCD7-26BA-4232-8A11-DBD2136E861B}
		{7E25C65E-C219-416F-838A-68000F081B72} = {D4A6CCD7-26BA-4232-8A11-DBD2136E861B}
		{60575191-B506-4B0B-8BFD-ADE4925D458B} = {02EA681E-C7D8-13C7-8484-4AC65E1B71E8}
		{A427F6A1-0713-4802-B0AC-CBD07C4B6423} = {02EA681E-C7D8-13C7-8484-4AC65E1B71E8}
		{7D15CDE7-5E40-469B-AB44-31012E07C914} = {0AB3BF05-4346-4AA6-1389-037BE0695223}
	EndGlobalSection
	GlobalSection(ExtensibilityGlobals) = postSolution
		SolutionGuid = {E345A62A-D621-4657-AFCF-3C0F20BB1AA8}
	EndGlobalSection
EndGlobal
