
Microsoft Visual Studio Solution File, Format Version 12.00
# Visual Studio Version 17
VisualStudioVersion = 17.0.31903.59
MinimumVisualStudioVersion = 10.0.40219.1
Project("{2150E333-8FDC-42A3-9474-1A3956D46DE8}") = "Samples", "Samples", "{5D20AA90-6969-D8BD-9DCD-8634F4692FDA}"
EndProject
Project("{FAE04EC0-301F-11D3-BF4B-00C04F79EFBC}") = "Sample.AzureServiceBus", "Samples\Sample.AzureServiceBus\Sample.AzureServiceBus.csproj", "{252F3D54-D8C5-45DA-A902-081D7FF01E9D}"
EndProject
Project("{FAE04EC0-301F-11D3-BF4B-00C04F79EFBC}") = "Sample.AzureStorage", "Samples\Sample.AzureStorage\Sample.AzureStorage.csproj", "{8F6C0A88-71D8-4844-902A-040BCB7C2E0E}"
EndProject
Project("{FAE04EC0-301F-11D3-BF4B-00C04F79EFBC}") = "Sample.HttpExternal", "Samples\Sample.HttpExternal\Sample.HttpExternal.csproj", "{7E2E77AF-1F30-4110-84D4-B89E33BE8E68}"
EndProject
Project("{FAE04EC0-301F-11D3-BF4B-00C04F79EFBC}") = "Sample.HttpInternal", "Samples\Sample.HttpInternal\Sample.HttpInternal.csproj", "{DC786AA3-0F86-45FE-8934-9400D451A146}"
EndProject
Project("{FAE04EC0-301F-11D3-BF4B-00C04F79EFBC}") = "Sample.Mixed.Small", "Samples\Sample.Mixed.Small\Sample.Mixed.Small.csproj", "{D32385AA-48FF-444C-8BD5-EA1648E2A012}"
EndProject
Project("{FAE04EC0-301F-11D3-BF4B-00C04F79EFBC}") = "Sample.Mongo", "Samples\Sample.Mongo\Sample.Mongo.csproj", "{DAEFEFF6-7E17-4F7B-BDC7-FD2BC2D04FB6}"
EndProject
Project("{FAE04EC0-301F-11D3-BF4B-00C04F79EFBC}") = "Sample.Postgres", "Samples\Sample.Postgres\Sample.Postgres.csproj", "{6162FC25-0DBD-4FE2-9CDE-FEFC04CF8460}"
EndProject
Project("{FAE04EC0-301F-11D3-BF4B-00C04F79EFBC}") = "Sample.RabbitMq", "Samples\Sample.RabbitMq\Sample.RabbitMq.csproj", "{9073D6DA-7E1C-4C70-B179-43E83A029222}"
EndProject
Project("{FAE04EC0-301F-11D3-BF4B-00C04F79EFBC}") = "Sample.Redis", "Samples\Sample.Redis\Sample.Redis.csproj", "{25BBD8DD-6F60-4406-805F-B92A43BC94A9}"
EndProject
Project("{FAE04EC0-301F-11D3-BF4B-00C04F79EFBC}") = "Sample.SqlServer", "Samples\Sample.SqlServer\Sample.SqlServer.csproj", "{887A7990-8A04-460D-AD5F-4FD63431B25C}"
EndProject
Project("{FAE04EC0-301F-11D3-BF4B-00C04F79EFBC}") = "Sample.AzureCosmos", "Samples\Sample.AzureCosmos\Sample.AzureCosmos.csproj", "{35FA4129-5214-46C4-88BB-B0311FECA75B}"
EndProject
Project("{FAE04EC0-301F-11D3-BF4B-00C04F79EFBC}") = "Sample.Oracle", "Samples\Sample.Oracle\Sample.Oracle.csproj", "{9FFD974A-4383-4D1F-9104-047387704A37}"
EndProject
Project("{FAE04EC0-301F-11D3-BF4B-00C04F79EFBC}") = "Sample.AzureEventGrid", "Samples\Sample.AzureEventGrid\Sample.AzureEventGrid.csproj", "{F042BC7E-AD95-4A8F-A555-480F5895D939}"
EndProject
Project("{FAE04EC0-301F-11D3-BF4B-00C04F79EFBC}") = "Sample.AzureKeyVault", "Samples\Sample.AzureKeyVault\Sample.AzureKeyVault.csproj", "{7AE74541-FFBD-43EA-9A82-3DDD078D634B}"
EndProject
Project("{FAE04EC0-301F-11D3-BF4B-00C04F79EFBC}") = "Sample.APIM", "Samples\Sample.APIM\Sample.APIM.csproj", "{5602D31D-4491-4437-95B4-80708F2D5964}"
EndProject
Project("{FAE04EC0-301F-11D3-BF4B-00C04F79EFBC}") = "Sample.MassTransit", "Samples\Sample.MassTransit\Sample.MassTransit.csproj", "{D9A98927-40E4-4A7A-B0D2-094A8A85058A}"
EndProject
Project("{FAE04EC0-301F-11D3-BF4B-00C04F79EFBC}") = "Sample.OpenTelemetry", "Samples\Sample.OpenTelemetry\Sample.OpenTelemetry.csproj", "{7B88113A-958B-4674-949C-3D5524DA9272}"
EndProject
Global
	GlobalSection(SolutionConfigurationPlatforms) = preSolution
		Debug|Any CPU = Debug|Any CPU
		Debug|x64 = Debug|x64
		Debug|x86 = Debug|x86
		Release|Any CPU = Release|Any CPU
		Release|x64 = Release|x64
		Release|x86 = Release|x86
	EndGlobalSection
	GlobalSection(ProjectConfigurationPlatforms) = postSolution
		{252F3D54-D8C5-45DA-A902-081D7FF01E9D}.Debug|Any CPU.ActiveCfg = Debug|Any CPU
		{252F3D54-D8C5-45DA-A902-081D7FF01E9D}.Debug|Any CPU.Build.0 = Debug|Any CPU
		{252F3D54-D8C5-45DA-A902-081D7FF01E9D}.Debug|x64.ActiveCfg = Debug|Any CPU
		{252F3D54-D8C5-45DA-A902-081D7FF01E9D}.Debug|x64.Build.0 = Debug|Any CPU
		{252F3D54-D8C5-45DA-A902-081D7FF01E9D}.Debug|x86.ActiveCfg = Debug|Any CPU
		{252F3D54-D8C5-45DA-A902-081D7FF01E9D}.Debug|x86.Build.0 = Debug|Any CPU
		{252F3D54-D8C5-45DA-A902-081D7FF01E9D}.Release|Any CPU.ActiveCfg = Release|Any CPU
		{252F3D54-D8C5-45DA-A902-081D7FF01E9D}.Release|Any CPU.Build.0 = Release|Any CPU
		{252F3D54-D8C5-45DA-A902-081D7FF01E9D}.Release|x64.ActiveCfg = Release|Any CPU
		{252F3D54-D8C5-45DA-A902-081D7FF01E9D}.Release|x64.Build.0 = Release|Any CPU
		{252F3D54-D8C5-45DA-A902-081D7FF01E9D}.Release|x86.ActiveCfg = Release|Any CPU
		{252F3D54-D8C5-45DA-A902-081D7FF01E9D}.Release|x86.Build.0 = Release|Any CPU
		{8F6C0A88-71D8-4844-902A-040BCB7C2E0E}.Debug|Any CPU.ActiveCfg = Debug|Any CPU
		{8F6C0A88-71D8-4844-902A-040BCB7C2E0E}.Debug|Any CPU.Build.0 = Debug|Any CPU
		{8F6C0A88-71D8-4844-902A-040BCB7C2E0E}.Debug|x64.ActiveCfg = Debug|Any CPU
		{8F6C0A88-71D8-4844-902A-040BCB7C2E0E}.Debug|x64.Build.0 = Debug|Any CPU
		{8F6C0A88-71D8-4844-902A-040BCB7C2E0E}.Debug|x86.ActiveCfg = Debug|Any CPU
		{8F6C0A88-71D8-4844-902A-040BCB7C2E0E}.Debug|x86.Build.0 = Debug|Any CPU
		{8F6C0A88-71D8-4844-902A-040BCB7C2E0E}.Release|Any CPU.ActiveCfg = Release|Any CPU
		{8F6C0A88-71D8-4844-902A-040BCB7C2E0E}.Release|Any CPU.Build.0 = Release|Any CPU
		{8F6C0A88-71D8-4844-902A-040BCB7C2E0E}.Release|x64.ActiveCfg = Release|Any CPU
		{8F6C0A88-71D8-4844-902A-040BCB7C2E0E}.Release|x64.Build.0 = Release|Any CPU
		{8F6C0A88-71D8-4844-902A-040BCB7C2E0E}.Release|x86.ActiveCfg = Release|Any CPU
		{8F6C0A88-71D8-4844-902A-040BCB7C2E0E}.Release|x86.Build.0 = Release|Any CPU
		{7E2E77AF-1F30-4110-84D4-B89E33BE8E68}.Debug|Any CPU.ActiveCfg = Debug|Any CPU
		{7E2E77AF-1F30-4110-84D4-B89E33BE8E68}.Debug|Any CPU.Build.0 = Debug|Any CPU
		{7E2E77AF-1F30-4110-84D4-B89E33BE8E68}.Debug|x64.ActiveCfg = Debug|Any CPU
		{7E2E77AF-1F30-4110-84D4-B89E33BE8E68}.Debug|x64.Build.0 = Debug|Any CPU
		{7E2E77AF-1F30-4110-84D4-B89E33BE8E68}.Debug|x86.ActiveCfg = Debug|Any CPU
		{7E2E77AF-1F30-4110-84D4-B89E33BE8E68}.Debug|x86.Build.0 = Debug|Any CPU
		{7E2E77AF-1F30-4110-84D4-B89E33BE8E68}.Release|Any CPU.ActiveCfg = Release|Any CPU
		{7E2E77AF-1F30-4110-84D4-B89E33BE8E68}.Release|Any CPU.Build.0 = Release|Any CPU
		{7E2E77AF-1F30-4110-84D4-B89E33BE8E68}.Release|x64.ActiveCfg = Release|Any CPU
		{7E2E77AF-1F30-4110-84D4-B89E33BE8E68}.Release|x64.Build.0 = Release|Any CPU
		{7E2E77AF-1F30-4110-84D4-B89E33BE8E68}.Release|x86.ActiveCfg = Release|Any CPU
		{7E2E77AF-1F30-4110-84D4-B89E33BE8E68}.Release|x86.Build.0 = Release|Any CPU
		{DC786AA3-0F86-45FE-8934-9400D451A146}.Debug|Any CPU.ActiveCfg = Debug|Any CPU
		{DC786AA3-0F86-45FE-8934-9400D451A146}.Debug|Any CPU.Build.0 = Debug|Any CPU
		{DC786AA3-0F86-45FE-8934-9400D451A146}.Debug|x64.ActiveCfg = Debug|Any CPU
		{DC786AA3-0F86-45FE-8934-9400D451A146}.Debug|x64.Build.0 = Debug|Any CPU
		{DC786AA3-0F86-45FE-8934-9400D451A146}.Debug|x86.ActiveCfg = Debug|Any CPU
		{DC786AA3-0F86-45FE-8934-9400D451A146}.Debug|x86.Build.0 = Debug|Any CPU
		{DC786AA3-0F86-45FE-8934-9400D451A146}.Release|Any CPU.ActiveCfg = Release|Any CPU
		{DC786AA3-0F86-45FE-8934-9400D451A146}.Release|Any CPU.Build.0 = Release|Any CPU
		{DC786AA3-0F86-45FE-8934-9400D451A146}.Release|x64.ActiveCfg = Release|Any CPU
		{DC786AA3-0F86-45FE-8934-9400D451A146}.Release|x64.Build.0 = Release|Any CPU
		{DC786AA3-0F86-45FE-8934-9400D451A146}.Release|x86.ActiveCfg = Release|Any CPU
		{DC786AA3-0F86-45FE-8934-9400D451A146}.Release|x86.Build.0 = Release|Any CPU
		{D32385AA-48FF-444C-8BD5-EA1648E2A012}.Debug|Any CPU.ActiveCfg = Debug|Any CPU
		{D32385AA-48FF-444C-8BD5-EA1648E2A012}.Debug|Any CPU.Build.0 = Debug|Any CPU
		{D32385AA-48FF-444C-8BD5-EA1648E2A012}.Debug|x64.ActiveCfg = Debug|Any CPU
		{D32385AA-48FF-444C-8BD5-EA1648E2A012}.Debug|x64.Build.0 = Debug|Any CPU
		{D32385AA-48FF-444C-8BD5-EA1648E2A012}.Debug|x86.ActiveCfg = Debug|Any CPU
		{D32385AA-48FF-444C-8BD5-EA1648E2A012}.Debug|x86.Build.0 = Debug|Any CPU
		{D32385AA-48FF-444C-8BD5-EA1648E2A012}.Release|Any CPU.ActiveCfg = Release|Any CPU
		{D32385AA-48FF-444C-8BD5-EA1648E2A012}.Release|Any CPU.Build.0 = Release|Any CPU
		{D32385AA-48FF-444C-8BD5-EA1648E2A012}.Release|x64.ActiveCfg = Release|Any CPU
		{D32385AA-48FF-444C-8BD5-EA1648E2A012}.Release|x64.Build.0 = Release|Any CPU
		{D32385AA-48FF-444C-8BD5-EA1648E2A012}.Release|x86.ActiveCfg = Release|Any CPU
		{D32385AA-48FF-444C-8BD5-EA1648E2A012}.Release|x86.Build.0 = Release|Any CPU
		{DAEFEFF6-7E17-4F7B-BDC7-FD2BC2D04FB6}.Debug|Any CPU.ActiveCfg = Debug|Any CPU
		{DAEFEFF6-7E17-4F7B-BDC7-FD2BC2D04FB6}.Debug|Any CPU.Build.0 = Debug|Any CPU
		{DAEFEFF6-7E17-4F7B-BDC7-FD2BC2D04FB6}.Debug|x64.ActiveCfg = Debug|Any CPU
		{DAEFEFF6-7E17-4F7B-BDC7-FD2BC2D04FB6}.Debug|x64.Build.0 = Debug|Any CPU
		{DAEFEFF6-7E17-4F7B-BDC7-FD2BC2D04FB6}.Debug|x86.ActiveCfg = Debug|Any CPU
		{DAEFEFF6-7E17-4F7B-BDC7-FD2BC2D04FB6}.Debug|x86.Build.0 = Debug|Any CPU
		{DAEFEFF6-7E17-4F7B-BDC7-FD2BC2D04FB6}.Release|Any CPU.ActiveCfg = Release|Any CPU
		{DAEFEFF6-7E17-4F7B-BDC7-FD2BC2D04FB6}.Release|Any CPU.Build.0 = Release|Any CPU
		{DAEFEFF6-7E17-4F7B-BDC7-FD2BC2D04FB6}.Release|x64.ActiveCfg = Release|Any CPU
		{DAEFEFF6-7E17-4F7B-BDC7-FD2BC2D04FB6}.Release|x64.Build.0 = Release|Any CPU
		{DAEFEFF6-7E17-4F7B-BDC7-FD2BC2D04FB6}.Release|x86.ActiveCfg = Release|Any CPU
		{DAEFEFF6-7E17-4F7B-BDC7-FD2BC2D04FB6}.Release|x86.Build.0 = Release|Any CPU
		{6162FC25-0DBD-4FE2-9CDE-FEFC04CF8460}.Debug|Any CPU.ActiveCfg = Debug|Any CPU
		{6162FC25-0DBD-4FE2-9CDE-FEFC04CF8460}.Debug|Any CPU.Build.0 = Debug|Any CPU
		{6162FC25-0DBD-4FE2-9CDE-FEFC04CF8460}.Debug|x64.ActiveCfg = Debug|Any CPU
		{6162FC25-0DBD-4FE2-9CDE-FEFC04CF8460}.Debug|x64.Build.0 = Debug|Any CPU
		{6162FC25-0DBD-4FE2-9CDE-FEFC04CF8460}.Debug|x86.ActiveCfg = Debug|Any CPU
		{6162FC25-0DBD-4FE2-9CDE-FEFC04CF8460}.Debug|x86.Build.0 = Debug|Any CPU
		{6162FC25-0DBD-4FE2-9CDE-FEFC04CF8460}.Release|Any CPU.ActiveCfg = Release|Any CPU
		{6162FC25-0DBD-4FE2-9CDE-FEFC04CF8460}.Release|Any CPU.Build.0 = Release|Any CPU
		{6162FC25-0DBD-4FE2-9CDE-FEFC04CF8460}.Release|x64.ActiveCfg = Release|Any CPU
		{6162FC25-0DBD-4FE2-9CDE-FEFC04CF8460}.Release|x64.Build.0 = Release|Any CPU
		{6162FC25-0DBD-4FE2-9CDE-FEFC04CF8460}.Release|x86.ActiveCfg = Release|Any CPU
		{6162FC25-0DBD-4FE2-9CDE-FEFC04CF8460}.Release|x86.Build.0 = Release|Any CPU
		{9073D6DA-7E1C-4C70-B179-43E83A029222}.Debug|Any CPU.ActiveCfg = Debug|Any CPU
		{9073D6DA-7E1C-4C70-B179-43E83A029222}.Debug|Any CPU.Build.0 = Debug|Any CPU
		{9073D6DA-7E1C-4C70-B179-43E83A029222}.Debug|x64.ActiveCfg = Debug|Any CPU
		{9073D6DA-7E1C-4C70-B179-43E83A029222}.Debug|x64.Build.0 = Debug|Any CPU
		{9073D6DA-7E1C-4C70-B179-43E83A029222}.Debug|x86.ActiveCfg = Debug|Any CPU
		{9073D6DA-7E1C-4C70-B179-43E83A029222}.Debug|x86.Build.0 = Debug|Any CPU
		{9073D6DA-7E1C-4C70-B179-43E83A029222}.Release|Any CPU.ActiveCfg = Release|Any CPU
		{9073D6DA-7E1C-4C70-B179-43E83A029222}.Release|Any CPU.Build.0 = Release|Any CPU
		{9073D6DA-7E1C-4C70-B179-43E83A029222}.Release|x64.ActiveCfg = Release|Any CPU
		{9073D6DA-7E1C-4C70-B179-43E83A029222}.Release|x64.Build.0 = Release|Any CPU
		{9073D6DA-7E1C-4C70-B179-43E83A029222}.Release|x86.ActiveCfg = Release|Any CPU
		{9073D6DA-7E1C-4C70-B179-43E83A029222}.Release|x86.Build.0 = Release|Any CPU
		{25BBD8DD-6F60-4406-805F-B92A43BC94A9}.Debug|Any CPU.ActiveCfg = Debug|Any CPU
		{25BBD8DD-6F60-4406-805F-B92A43BC94A9}.Debug|Any CPU.Build.0 = Debug|Any CPU
		{25BBD8DD-6F60-4406-805F-B92A43BC94A9}.Debug|x64.ActiveCfg = Debug|Any CPU
		{25BBD8DD-6F60-4406-805F-B92A43BC94A9}.Debug|x64.Build.0 = Debug|Any CPU
		{25BBD8DD-6F60-4406-805F-B92A43BC94A9}.Debug|x86.ActiveCfg = Debug|Any CPU
		{25BBD8DD-6F60-4406-805F-B92A43BC94A9}.Debug|x86.Build.0 = Debug|Any CPU
		{25BBD8DD-6F60-4406-805F-B92A43BC94A9}.Release|Any CPU.ActiveCfg = Release|Any CPU
		{25BBD8DD-6F60-4406-805F-B92A43BC94A9}.Release|Any CPU.Build.0 = Release|Any CPU
		{25BBD8DD-6F60-4406-805F-B92A43BC94A9}.Release|x64.ActiveCfg = Release|Any CPU
		{25BBD8DD-6F60-4406-805F-B92A43BC94A9}.Release|x64.Build.0 = Release|Any CPU
		{25BBD8DD-6F60-4406-805F-B92A43BC94A9}.Release|x86.ActiveCfg = Release|Any CPU
		{25BBD8DD-6F60-4406-805F-B92A43BC94A9}.Release|x86.Build.0 = Release|Any CPU
		{887A7990-8A04-460D-AD5F-4FD63431B25C}.Debug|Any CPU.ActiveCfg = Debug|Any CPU
		{887A7990-8A04-460D-AD5F-4FD63431B25C}.Debug|Any CPU.Build.0 = Debug|Any CPU
		{887A7990-8A04-460D-AD5F-4FD63431B25C}.Debug|x64.ActiveCfg = Debug|Any CPU
		{887A7990-8A04-460D-AD5F-4FD63431B25C}.Debug|x64.Build.0 = Debug|Any CPU
		{887A7990-8A04-460D-AD5F-4FD63431B25C}.Debug|x86.ActiveCfg = Debug|Any CPU
		{887A7990-8A04-460D-AD5F-4FD63431B25C}.Debug|x86.Build.0 = Debug|Any CPU
		{887A7990-8A04-460D-AD5F-4FD63431B25C}.Release|Any CPU.ActiveCfg = Release|Any CPU
		{887A7990-8A04-460D-AD5F-4FD63431B25C}.Release|Any CPU.Build.0 = Release|Any CPU
		{887A7990-8A04-460D-AD5F-4FD63431B25C}.Release|x64.ActiveCfg = Release|Any CPU
		{887A7990-8A04-460D-AD5F-4FD63431B25C}.Release|x64.Build.0 = Release|Any CPU
		{887A7990-8A04-460D-AD5F-4FD63431B25C}.Release|x86.ActiveCfg = Release|Any CPU
		{887A7990-8A04-460D-AD5F-4FD63431B25C}.Release|x86.Build.0 = Release|Any CPU
		{35FA4129-5214-46C4-88BB-B0311FECA75B}.Debug|Any CPU.ActiveCfg = Debug|Any CPU
		{35FA4129-5214-46C4-88BB-B0311FECA75B}.Debug|Any CPU.Build.0 = Debug|Any CPU
		{35FA4129-5214-46C4-88BB-B0311FECA75B}.Debug|x64.ActiveCfg = Debug|Any CPU
		{35FA4129-5214-46C4-88BB-B0311FECA75B}.Debug|x64.Build.0 = Debug|Any CPU
		{35FA4129-5214-46C4-88BB-B0311FECA75B}.Debug|x86.ActiveCfg = Debug|Any CPU
		{35FA4129-5214-46C4-88BB-B0311FECA75B}.Debug|x86.Build.0 = Debug|Any CPU
		{35FA4129-5214-46C4-88BB-B0311FECA75B}.Release|Any CPU.ActiveCfg = Release|Any CPU
		{35FA4129-5214-46C4-88BB-B0311FECA75B}.Release|Any CPU.Build.0 = Release|Any CPU
		{35FA4129-5214-46C4-88BB-B0311FECA75B}.Release|x64.ActiveCfg = Release|Any CPU
		{35FA4129-5214-46C4-88BB-B0311FECA75B}.Release|x64.Build.0 = Release|Any CPU
		{35FA4129-5214-46C4-88BB-B0311FECA75B}.Release|x86.ActiveCfg = Release|Any CPU
		{35FA4129-5214-46C4-88BB-B0311FECA75B}.Release|x86.Build.0 = Release|Any CPU
		{9FFD974A-4383-4D1F-9104-047387704A37}.Debug|Any CPU.ActiveCfg = Debug|Any CPU
		{9FFD974A-4383-4D1F-9104-047387704A37}.Debug|Any CPU.Build.0 = Debug|Any CPU
		{9FFD974A-4383-4D1F-9104-047387704A37}.Debug|x64.ActiveCfg = Debug|Any CPU
		{9FFD974A-4383-4D1F-9104-047387704A37}.Debug|x64.Build.0 = Debug|Any CPU
		{9FFD974A-4383-4D1F-9104-047387704A37}.Debug|x86.ActiveCfg = Debug|Any CPU
		{9FFD974A-4383-4D1F-9104-047387704A37}.Debug|x86.Build.0 = Debug|Any CPU
		{9FFD974A-4383-4D1F-9104-047387704A37}.Release|Any CPU.ActiveCfg = Release|Any CPU
		{9FFD974A-4383-4D1F-9104-047387704A37}.Release|Any CPU.Build.0 = Release|Any CPU
		{9FFD974A-4383-4D1F-9104-047387704A37}.Release|x64.ActiveCfg = Release|Any CPU
		{9FFD974A-4383-4D1F-9104-047387704A37}.Release|x64.Build.0 = Release|Any CPU
		{9FFD974A-4383-4D1F-9104-047387704A37}.Release|x86.ActiveCfg = Release|Any CPU
		{9FFD974A-4383-4D1F-9104-047387704A37}.Release|x86.Build.0 = Release|Any CPU
		{F042BC7E-AD95-4A8F-A555-480F5895D939}.Debug|Any CPU.ActiveCfg = Debug|Any CPU
		{F042BC7E-AD95-4A8F-A555-480F5895D939}.Debug|Any CPU.Build.0 = Debug|Any CPU
		{F042BC7E-AD95-4A8F-A555-480F5895D939}.Debug|x64.ActiveCfg = Debug|Any CPU
		{F042BC7E-AD95-4A8F-A555-480F5895D939}.Debug|x64.Build.0 = Debug|Any CPU
		{F042BC7E-AD95-4A8F-A555-480F5895D939}.Debug|x86.ActiveCfg = Debug|Any CPU
		{F042BC7E-AD95-4A8F-A555-480F5895D939}.Debug|x86.Build.0 = Debug|Any CPU
		{F042BC7E-AD95-4A8F-A555-480F5895D939}.Release|Any CPU.ActiveCfg = Release|Any CPU
		{F042BC7E-AD95-4A8F-A555-480F5895D939}.Release|Any CPU.Build.0 = Release|Any CPU
		{F042BC7E-AD95-4A8F-A555-480F5895D939}.Release|x64.ActiveCfg = Release|Any CPU
		{F042BC7E-AD95-4A8F-A555-480F5895D939}.Release|x64.Build.0 = Release|Any CPU
		{F042BC7E-AD95-4A8F-A555-480F5895D939}.Release|x86.ActiveCfg = Release|Any CPU
		{F042BC7E-AD95-4A8F-A555-480F5895D939}.Release|x86.Build.0 = Release|Any CPU
		{7AE74541-FFBD-43EA-9A82-3DDD078D634B}.Debug|Any CPU.ActiveCfg = Debug|Any CPU
		{7AE74541-FFBD-43EA-9A82-3DDD078D634B}.Debug|Any CPU.Build.0 = Debug|Any CPU
		{7AE74541-FFBD-43EA-9A82-3DDD078D634B}.Debug|x64.ActiveCfg = Debug|Any CPU
		{7AE74541-FFBD-43EA-9A82-3DDD078D634B}.Debug|x64.Build.0 = Debug|Any CPU
		{7AE74541-FFBD-43EA-9A82-3DDD078D634B}.Debug|x86.ActiveCfg = Debug|Any CPU
		{7AE74541-FFBD-43EA-9A82-3DDD078D634B}.Debug|x86.Build.0 = Debug|Any CPU
		{7AE74541-FFBD-43EA-9A82-3DDD078D634B}.Release|Any CPU.ActiveCfg = Release|Any CPU
		{7AE74541-FFBD-43EA-9A82-3DDD078D634B}.Release|Any CPU.Build.0 = Release|Any CPU
		{7AE74541-FFBD-43EA-9A82-3DDD078D634B}.Release|x64.ActiveCfg = Release|Any CPU
		{7AE74541-FFBD-43EA-9A82-3DDD078D634B}.Release|x64.Build.0 = Release|Any CPU
		{7AE74541-FFBD-43EA-9A82-3DDD078D634B}.Release|x86.ActiveCfg = Release|Any CPU
		{7AE74541-FFBD-43EA-9A82-3DDD078D634B}.Release|x86.Build.0 = Release|Any CPU
		{5602D31D-4491-4437-95B4-80708F2D5964}.Debug|Any CPU.ActiveCfg = Debug|Any CPU
		{5602D31D-4491-4437-95B4-80708F2D5964}.Debug|Any CPU.Build.0 = Debug|Any CPU
		{5602D31D-4491-4437-95B4-80708F2D5964}.Debug|x64.ActiveCfg = Debug|Any CPU
		{5602D31D-4491-4437-95B4-80708F2D5964}.Debug|x64.Build.0 = Debug|Any CPU
		{5602D31D-4491-4437-95B4-80708F2D5964}.Debug|x86.ActiveCfg = Debug|Any CPU
		{5602D31D-4491-4437-95B4-80708F2D5964}.Debug|x86.Build.0 = Debug|Any CPU
		{5602D31D-4491-4437-95B4-80708F2D5964}.Release|Any CPU.ActiveCfg = Release|Any CPU
		{5602D31D-4491-4437-95B4-80708F2D5964}.Release|Any CPU.Build.0 = Release|Any CPU
		{5602D31D-4491-4437-95B4-80708F2D5964}.Release|x64.ActiveCfg = Release|Any CPU
		{5602D31D-4491-4437-95B4-80708F2D5964}.Release|x64.Build.0 = Release|Any CPU
		{5602D31D-4491-4437-95B4-80708F2D5964}.Release|x86.ActiveCfg = Release|Any CPU
		{5602D31D-4491-4437-95B4-80708F2D5964}.Release|x86.Build.0 = Release|Any CPU
		{D9A98927-40E4-4A7A-B0D2-094A8A85058A}.Debug|Any CPU.ActiveCfg = Debug|Any CPU
		{D9A98927-40E4-4A7A-B0D2-094A8A85058A}.Debug|Any CPU.Build.0 = Debug|Any CPU
		{D9A98927-40E4-4A7A-B0D2-094A8A85058A}.Debug|x64.ActiveCfg = Debug|Any CPU
		{D9A98927-40E4-4A7A-B0D2-094A8A85058A}.Debug|x64.Build.0 = Debug|Any CPU
		{D9A98927-40E4-4A7A-B0D2-094A8A85058A}.Debug|x86.ActiveCfg = Debug|Any CPU
		{D9A98927-40E4-4A7A-B0D2-094A8A85058A}.Debug|x86.Build.0 = Debug|Any CPU
		{D9A98927-40E4-4A7A-B0D2-094A8A85058A}.Release|Any CPU.ActiveCfg = Release|Any CPU
		{D9A98927-40E4-4A7A-B0D2-094A8A85058A}.Release|Any CPU.Build.0 = Release|Any CPU
		{D9A98927-40E4-4A7A-B0D2-094A8A85058A}.Release|x64.ActiveCfg = Release|Any CPU
		{D9A98927-40E4-4A7A-B0D2-094A8A85058A}.Release|x64.Build.0 = Release|Any CPU
		{D9A98927-40E4-4A7A-B0D2-094A8A85058A}.Release|x86.ActiveCfg = Release|Any CPU
		{D9A98927-40E4-4A7A-B0D2-094A8A85058A}.Release|x86.Build.0 = Release|Any CPU
		{7B88113A-958B-4674-949C-3D5524DA9272}.Debug|Any CPU.ActiveCfg = Debug|Any CPU
		{7B88113A-958B-4674-949C-3D5524DA9272}.Debug|Any CPU.Build.0 = Debug|Any CPU
		{7B88113A-958B-4674-949C-3D5524DA9272}.Debug|x64.ActiveCfg = Debug|Any CPU
		{7B88113A-958B-4674-949C-3D5524DA9272}.Debug|x64.Build.0 = Debug|Any CPU
		{7B88113A-958B-4674-949C-3D5524DA9272}.Debug|x86.ActiveCfg = Debug|Any CPU
		{7B88113A-958B-4674-949C-3D5524DA9272}.Debug|x86.Build.0 = Debug|Any CPU
		{7B88113A-958B-4674-949C-3D5524DA9272}.Release|Any CPU.ActiveCfg = Release|Any CPU
		{7B88113A-958B-4674-949C-3D5524DA9272}.Release|Any CPU.Build.0 = Release|Any CPU
		{7B88113A-958B-4674-949C-3D5524DA9272}.Release|x64.ActiveCfg = Release|Any CPU
		{7B88113A-958B-4674-949C-3D5524DA9272}.Release|x64.Build.0 = Release|Any CPU
		{7B88113A-958B-4674-949C-3D5524DA9272}.Release|x86.ActiveCfg = Release|Any CPU
		{7B88113A-958B-4674-949C-3D5524DA9272}.Release|x86.Build.0 = Release|Any CPU
	EndGlobalSection
	GlobalSection(SolutionProperties) = preSolution
		HideSolutionNode = FALSE
	EndGlobalSection
	GlobalSection(NestedProjects) = preSolution
		{252F3D54-D8C5-45DA-A902-081D7FF01E9D} = {5D20AA90-6969-D8BD-9DCD-8634F4692FDA}
		{8F6C0A88-71D8-4844-902A-040BCB7C2E0E} = {5D20AA90-6969-D8BD-9DCD-8634F4692FDA}
		{7E2E77AF-1F30-4110-84D4-B89E33BE8E68} = {5D20AA90-6969-D8BD-9DCD-8634F4692FDA}
		{DC786AA3-0F86-45FE-8934-9400D451A146} = {5D20AA90-6969-D8BD-9DCD-8634F4692FDA}
		{D32385AA-48FF-444C-8BD5-EA1648E2A012} = {5D20AA90-6969-D8BD-9DCD-8634F4692FDA}
		{DAEFEFF6-7E17-4F7B-BDC7-FD2BC2D04FB6} = {5D20AA90-6969-D8BD-9DCD-8634F4692FDA}
		{6162FC25-0DBD-4FE2-9CDE-FEFC04CF8460} = {5D20AA90-6969-D8BD-9DCD-8634F4692FDA}
		{9073D6DA-7E1C-4C70-B179-43E83A029222} = {5D20AA90-6969-D8BD-9DCD-8634F4692FDA}
		{25BBD8DD-6F60-4406-805F-B92A43BC94A9} = {5D20AA90-6969-D8BD-9DCD-8634F4692FDA}
		{887A7990-8A04-460D-AD5F-4FD63431B25C} = {5D20AA90-6969-D8BD-9DCD-8634F4692FDA}
		{35FA4129-5214-46C4-88BB-B0311FECA75B} = {5D20AA90-6969-D8BD-9DCD-8634F4692FDA}
		{9FFD974A-4383-4D1F-9104-047387704A37} = {5D20AA90-6969-D8BD-9DCD-8634F4692FDA}
		{F042BC7E-AD95-4A8F-A555-480F5895D939} = {5D20AA90-6969-D8BD-9DCD-8634F4692FDA}
		{7AE74541-FFBD-43EA-9A82-3DDD078D634B} = {5D20AA90-6969-D8BD-9DCD-8634F4692FDA}
		{5602D31D-4491-4437-95B4-80708F2D5964} = {5D20AA90-6969-D8BD-9DCD-8634F4692FDA}
		{D9A98927-40E4-4A7A-B0D2-094A8A85058A} = {5D20AA90-6969-D8BD-9DCD-8634F4692FDA}
		{7B88113A-958B-4674-949C-3D5524DA9272} = {5D20AA90-6969-D8BD-9DCD-8634F4692FDA}
	EndGlobalSection
EndGlobal
